
Microsoft Visual Studio Solution File, Format Version 12.00
# Visual Studio 15
VisualStudioVersion = 15.0.27703.2000
MinimumVisualStudioVersion = 10.0.40219.1
Project("{FAE04EC0-301F-11D3-BF4B-00C04F79EFBC}") = "WhereYouAtMobile.Android", "WhereYouAtMobile\WhereYouAtMobile.Android\WhereYouAtMobile.Android.csproj", "{5CBD74EE-07FD-4825-886A-FFA71CB4F1DE}"
EndProject
Project("{FAE04EC0-301F-11D3-BF4B-00C04F79EFBC}") = "WhereYouAtMobile", "WhereYouAtMobile\WhereYouAtMobile\WhereYouAtMobile.csproj", "{A892BDC7-727B-4FB3-8336-6A59DA0B393C}"
EndProject
Global
	GlobalSection(SolutionConfigurationPlatforms) = preSolution
		Debug|Any CPU = Debug|Any CPU
		Release|Any CPU = Release|Any CPU
	EndGlobalSection
	GlobalSection(ProjectConfigurationPlatforms) = postSolution
		{5CBD74EE-07FD-4825-886A-FFA71CB4F1DE}.Debug|Any CPU.ActiveCfg = Debug|Any CPU
		{5CBD74EE-07FD-4825-886A-FFA71CB4F1DE}.Debug|Any CPU.Build.0 = Debug|Any CPU
		{5CBD74EE-07FD-4825-886A-FFA71CB4F1DE}.Debug|Any CPU.Deploy.0 = Debug|Any CPU
		{5CBD74EE-07FD-4825-886A-FFA71CB4F1DE}.Release|Any CPU.ActiveCfg = Release|Any CPU
		{5CBD74EE-07FD-4825-886A-FFA71CB4F1DE}.Release|Any CPU.Build.0 = Release|Any CPU
		{5CBD74EE-07FD-4825-886A-FFA71CB4F1DE}.Release|Any CPU.Deploy.0 = Release|Any CPU
		{A892BDC7-727B-4FB3-8336-6A59DA0B393C}.Debug|Any CPU.ActiveCfg = Debug|Any CPU
		{A892BDC7-727B-4FB3-8336-6A59DA0B393C}.Debug|Any CPU.Build.0 = Debug|Any CPU
		{A892BDC7-727B-4FB3-8336-6A59DA0B393C}.Debug|Any CPU.Deploy.0 = Debug|Any CPU
		{A892BDC7-727B-4FB3-8336-6A59DA0B393C}.Release|Any CPU.ActiveCfg = Release|Any CPU
		{A892BDC7-727B-4FB3-8336-6A59DA0B393C}.Release|Any CPU.Build.0 = Release|Any CPU
		{A892BDC7-727B-4FB3-8336-6A59DA0B393C}.Release|Any CPU.Deploy.0 = Release|Any CPU
	EndGlobalSection
	GlobalSection(SolutionProperties) = preSolution
		HideSolutionNode = FALSE
	EndGlobalSection
	GlobalSection(ExtensibilityGlobals) = postSolution
		SolutionGuid = {867676E7-94F3-49E2-AB11-40D9F624B828}
	EndGlobalSection
EndGlobal
